
Microsoft Visual Studio Solution File, Format Version 12.00
# Visual Studio Version 17
VisualStudioVersion = 17.6.33815.320
MinimumVisualStudioVersion = 10.0.40219.1
Project("{FAE04EC0-301F-11D3-BF4B-00C04F79EFBC}") = "StudentManagementSystem", "StudentManagementSystem.csproj", "{A052F7D1-91FA-4BC6-9799-B50EA6167DA5}"
EndProject
Global
	GlobalSection(SolutionConfigurationPlatforms) = preSolution
		Debug|Any CPU = Debug|Any CPU
		Release|Any CPU = Release|Any CPU
	EndGlobalSection
	GlobalSection(ProjectConfigurationPlatforms) = postSolution
		{A052F7D1-91FA-4BC6-9799-B50EA6167DA5}.Debug|Any CPU.ActiveCfg = Debug|Any CPU
		{A052F7D1-91FA-4BC6-9799-B50EA6167DA5}.Debug|Any CPU.Build.0 = Debug|Any CPU
		{A052F7D1-91FA-4BC6-9799-B50EA6167DA5}.Release|Any CPU.ActiveCfg = Release|Any CPU
		{A052F7D1-91FA-4BC6-9799-B50EA6167DA5}.Release|Any CPU.Build.0 = Release|Any CPU
	EndGlobalSection
	GlobalSection(SolutionProperties) = preSolution
		HideSolutionNode = FALSE
	EndGlobalSection
	GlobalSection(ExtensibilityGlobals) = postSolution
		SolutionGuid = {B30A5D7C-01D5-44CC-A466-3B904B1FA225}
	EndGlobalSection
EndGlobal
